
Microsoft Visual Studio Solution File, Format Version 12.00
# Visual Studio Version 17
VisualStudioVersion = 17.9.34728.123
MinimumVisualStudioVersion = 10.0.40219.1
Project("{FAE04EC0-301F-11D3-BF4B-00C04F79EFBC}") = "OctopusDeploy.CaCDemo.WebApp", "OctopusDeploy.CaCDemo.WebApp\OctopusDeploy.CaCDemo.WebApp.csproj", "{693A5554-990A-461C-913A-A419FC499B0B}"
EndProject
Global
	GlobalSection(SolutionConfigurationPlatforms) = preSolution
		Debug|Any CPU = Debug|Any CPU
		Release|Any CPU = Release|Any CPU
	EndGlobalSection
	GlobalSection(ProjectConfigurationPlatforms) = postSolution
		{693A5554-990A-461C-913A-A419FC499B0B}.Debug|Any CPU.ActiveCfg = Debug|Any CPU
		{693A5554-990A-461C-913A-A419FC499B0B}.Debug|Any CPU.Build.0 = Debug|Any CPU
		{693A5554-990A-461C-913A-A419FC499B0B}.Release|Any CPU.ActiveCfg = Release|Any CPU
		{693A5554-990A-461C-913A-A419FC499B0B}.Release|Any CPU.Build.0 = Release|Any CPU
	EndGlobalSection
	GlobalSection(SolutionProperties) = preSolution
		HideSolutionNode = FALSE
	EndGlobalSection
	GlobalSection(ExtensibilityGlobals) = postSolution
		SolutionGuid = {3E915CAC-E7BD-4821-B781-3409D6F78B55}
	EndGlobalSection
EndGlobal
